
Microsoft Visual Studio Solution File, Format Version 12.00
# Visual Studio Version 17
VisualStudioVersion = 17.12.35527.113
MinimumVisualStudioVersion = 10.0.40219.1
Project("{FAE04EC0-301F-11D3-BF4B-00C04F79EFBC}") = "Catalog.API", "Services\Catalog\Catalog.API\Catalog.API.csproj", "{79299B54-D4D7-41AB-B11B-A4A9DA9A168B}"
EndProject
Project("{2150E333-8FDC-42A3-9474-1A3956D46DE8}") = "Services", "Services", "{44C66F25-B1AD-480D-9225-FCFDDC263942}"
EndProject
Project("{2150E333-8FDC-42A3-9474-1A3956D46DE8}") = "Catalog", "Catalog", "{10613B34-C319-45E4-A133-3110695E48AF}"
EndProject
Project("{2150E333-8FDC-42A3-9474-1A3956D46DE8}") = "BuildingBlocks", "BuildingBlocks", "{C8B0ACC8-9E0A-4C58-A38D-F14B623C3231}"
EndProject
Project("{FAE04EC0-301F-11D3-BF4B-00C04F79EFBC}") = "BuildingBlocks", "BuildingBlocks\BuildingBlocks\BuildingBlocks.csproj", "{18FD1612-A9BD-4514-A3EB-70BC78575FE9}"
EndProject
Project("{E53339B2-1760-4266-BCC7-CA923CBCF16C}") = "docker-compose", "docker-compose.dcproj", "{42AAE192-5B70-4044-88ED-05050B5F1341}"
EndProject
Project("{2150E333-8FDC-42A3-9474-1A3956D46DE8}") = "Basket", "Basket", "{7FD3CCF8-2438-4070-B030-1109CD62F431}"
EndProject
Project("{FAE04EC0-301F-11D3-BF4B-00C04F79EFBC}") = "Basket.API", "Services\Basket\Basket.API\Basket.API.csproj", "{27B92C25-B648-4F85-8AA1-C4D2C4D3CADA}"
EndProject
Project("{2150E333-8FDC-42A3-9474-1A3956D46DE8}") = "Discount", "Discount", "{B0F2E300-381D-49C8-A1A2-4391917C645C}"
EndProject
Project("{FAE04EC0-301F-11D3-BF4B-00C04F79EFBC}") = "Discount.Grpc", "Services\Discount\Discount.Grpc\Discount.Grpc.csproj", "{ACF3907A-9842-49CD-8175-E4CAA33E2438}"
EndProject
Project("{2150E333-8FDC-42A3-9474-1A3956D46DE8}") = "Ordering", "Ordering", "{0C9C59A6-C393-49F1-82C9-CCB6D66197EB}"
EndProject
Project("{FAE04EC0-301F-11D3-BF4B-00C04F79EFBC}") = "Ordering.API", "Services\Ordering\Ordering.API\Ordering.API.csproj", "{57852F5D-E99D-450F-BCFC-38A16162D5DD}"
EndProject
Project("{FAE04EC0-301F-11D3-BF4B-00C04F79EFBC}") = "Ordering.Domain", "Services\Ordering\Ordering.Domain\Ordering.Domain.csproj", "{A92095C4-1714-4A2A-AD34-F092A06DC9DD}"
EndProject
Project("{FAE04EC0-301F-11D3-BF4B-00C04F79EFBC}") = "Ordering.Application", "Services\Ordering\Ordering.Application\Ordering.Application.csproj", "{E74671B9-95DB-4587-8613-72A93A17155A}"
EndProject
Project("{FAE04EC0-301F-11D3-BF4B-00C04F79EFBC}") = "Ordering.Infrastructure", "Services\Ordering\Ordering.Infrastructure\Ordering.Infrastructure.csproj", "{B8FEC259-B116-4D39-8B22-22F78245605B}"
EndProject
Global
	GlobalSection(SolutionConfigurationPlatforms) = preSolution
		Debug|Any CPU = Debug|Any CPU
		Release|Any CPU = Release|Any CPU
	EndGlobalSection
	GlobalSection(ProjectConfigurationPlatforms) = postSolution
		{79299B54-D4D7-41AB-B11B-A4A9DA9A168B}.Debug|Any CPU.ActiveCfg = Debug|Any CPU
		{79299B54-D4D7-41AB-B11B-A4A9DA9A168B}.Debug|Any CPU.Build.0 = Debug|Any CPU
		{79299B54-D4D7-41AB-B11B-A4A9DA9A168B}.Release|Any CPU.ActiveCfg = Release|Any CPU
		{79299B54-D4D7-41AB-B11B-A4A9DA9A168B}.Release|Any CPU.Build.0 = Release|Any CPU
		{18FD1612-A9BD-4514-A3EB-70BC78575FE9}.Debug|Any CPU.ActiveCfg = Debug|Any CPU
		{18FD1612-A9BD-4514-A3EB-70BC78575FE9}.Debug|Any CPU.Build.0 = Debug|Any CPU
		{18FD1612-A9BD-4514-A3EB-70BC78575FE9}.Release|Any CPU.ActiveCfg = Release|Any CPU
		{18FD1612-A9BD-4514-A3EB-70BC78575FE9}.Release|Any CPU.Build.0 = Release|Any CPU
		{42AAE192-5B70-4044-88ED-05050B5F1341}.Debug|Any CPU.ActiveCfg = Debug|Any CPU
		{42AAE192-5B70-4044-88ED-05050B5F1341}.Debug|Any CPU.Build.0 = Debug|Any CPU
		{42AAE192-5B70-4044-88ED-05050B5F1341}.Release|Any CPU.ActiveCfg = Release|Any CPU
		{42AAE192-5B70-4044-88ED-05050B5F1341}.Release|Any CPU.Build.0 = Release|Any CPU
		{27B92C25-B648-4F85-8AA1-C4D2C4D3CADA}.Debug|Any CPU.ActiveCfg = Debug|Any CPU
		{27B92C25-B648-4F85-8AA1-C4D2C4D3CADA}.Debug|Any CPU.Build.0 = Debug|Any CPU
		{27B92C25-B648-4F85-8AA1-C4D2C4D3CADA}.Release|Any CPU.ActiveCfg = Release|Any CPU
		{27B92C25-B648-4F85-8AA1-C4D2C4D3CADA}.Release|Any CPU.Build.0 = Release|Any CPU
		{ACF3907A-9842-49CD-8175-E4CAA33E2438}.Debug|Any CPU.ActiveCfg = Debug|Any CPU
		{ACF3907A-9842-49CD-8175-E4CAA33E2438}.Debug|Any CPU.Build.0 = Debug|Any CPU
		{ACF3907A-9842-49CD-8175-E4CAA33E2438}.Release|Any CPU.ActiveCfg = Release|Any CPU
		{ACF3907A-9842-49CD-8175-E4CAA33E2438}.Release|Any CPU.Build.0 = Release|Any CPU
		{57852F5D-E99D-450F-BCFC-38A16162D5DD}.Debug|Any CPU.ActiveCfg = Debug|Any CPU
		{57852F5D-E99D-450F-BCFC-38A16162D5DD}.Debug|Any CPU.Build.0 = Debug|Any CPU
		{57852F5D-E99D-450F-BCFC-38A16162D5DD}.Release|Any CPU.ActiveCfg = Release|Any CPU
		{57852F5D-E99D-450F-BCFC-38A16162D5DD}.Release|Any CPU.Build.0 = Release|Any CPU
		{A92095C4-1714-4A2A-AD34-F092A06DC9DD}.Debug|Any CPU.ActiveCfg = Debug|Any CPU
		{A92095C4-1714-4A2A-AD34-F092A06DC9DD}.Debug|Any CPU.Build.0 = Debug|Any CPU
		{A92095C4-1714-4A2A-AD34-F092A06DC9DD}.Release|Any CPU.ActiveCfg = Release|Any CPU
		{A92095C4-1714-4A2A-AD34-F092A06DC9DD}.Release|Any CPU.Build.0 = Release|Any CPU
		{E74671B9-95DB-4587-8613-72A93A17155A}.Debug|Any CPU.ActiveCfg = Debug|Any CPU
		{E74671B9-95DB-4587-8613-72A93A17155A}.Debug|Any CPU.Build.0 = Debug|Any CPU
		{E74671B9-95DB-4587-8613-72A93A17155A}.Release|Any CPU.ActiveCfg = Release|Any CPU
		{E74671B9-95DB-4587-8613-72A93A17155A}.Release|Any CPU.Build.0 = Release|Any CPU
		{B8FEC259-B116-4D39-8B22-22F78245605B}.Debug|Any CPU.ActiveCfg = Debug|Any CPU
		{B8FEC259-B116-4D39-8B22-22F78245605B}.Debug|Any CPU.Build.0 = Debug|Any CPU
		{B8FEC259-B116-4D39-8B22-22F78245605B}.Release|Any CPU.ActiveCfg = Release|Any CPU
		{B8FEC259-B116-4D39-8B22-22F78245605B}.Release|Any CPU.Build.0 = Release|Any CPU
	EndGlobalSection
	GlobalSection(SolutionProperties) = preSolution
		HideSolutionNode = FALSE
	EndGlobalSection
	GlobalSection(NestedProjects) = preSolution
		{79299B54-D4D7-41AB-B11B-A4A9DA9A168B} = {10613B34-C319-45E4-A133-3110695E48AF}
		{10613B34-C319-45E4-A133-3110695E48AF} = {44C66F25-B1AD-480D-9225-FCFDDC263942}
		{18FD1612-A9BD-4514-A3EB-70BC78575FE9} = {C8B0ACC8-9E0A-4C58-A38D-F14B623C3231}
		{7FD3CCF8-2438-4070-B030-1109CD62F431} = {44C66F25-B1AD-480D-9225-FCFDDC263942}
		{27B92C25-B648-4F85-8AA1-C4D2C4D3CADA} = {7FD3CCF8-2438-4070-B030-1109CD62F431}
		{B0F2E300-381D-49C8-A1A2-4391917C645C} = {44C66F25-B1AD-480D-9225-FCFDDC263942}
		{ACF3907A-9842-49CD-8175-E4CAA33E2438} = {B0F2E300-381D-49C8-A1A2-4391917C645C}
		{0C9C59A6-C393-49F1-82C9-CCB6D66197EB} = {44C66F25-B1AD-480D-9225-FCFDDC263942}
		{57852F5D-E99D-450F-BCFC-38A16162D5DD} = {0C9C59A6-C393-49F1-82C9-CCB6D66197EB}
		{A92095C4-1714-4A2A-AD34-F092A06DC9DD} = {0C9C59A6-C393-49F1-82C9-CCB6D66197EB}
		{E74671B9-95DB-4587-8613-72A93A17155A} = {0C9C59A6-C393-49F1-82C9-CCB6D66197EB}
		{B8FEC259-B116-4D39-8B22-22F78245605B} = {0C9C59A6-C393-49F1-82C9-CCB6D66197EB}
	EndGlobalSection
EndGlobal
